lockfileVersion: '6.0'

settings:
  autoInstallPeers: true
  excludeLinksFromLockfile: false

dependencies:
  '@simenandre/prettier':
    specifier: ^5.0.0
    version: 5.0.0(prettier@3.1.0)

packages:

  /@simenandre/prettier@5.0.0(prettier@3.1.0):
    resolution: {integrity: sha512-IsU3GTZcr8D5U9tzeP80rOntXqPZwA0B0gw448rJaK99st9I85CN4g2mEO0qFatdOsXSPmay+tWiYe3MVWb3IA==}
    peerDependencies:
      prettier: ^3.0.0
    dependencies:
      prettier: 3.1.0
    dev: false

  /prettier@3.1.0:
    resolution: {integrity: sha512-TQLvXjq5IAibjh8EpBIkNKxO749UEWABoiIZehEPiY4GNpVdhaFKqSTu+QrlU6D2dPAfubRmtJTi4K4YkQ5eXw==}
    engines: {node: '>=14'}
    hasBin: true
    dev: false
