lockfileVersion: '9.0'

settings:
  autoInstallPeers: true
  excludeLinksFromLockfile: false

importers:

  .:
    dependencies:
      '@simenandre/prettier':
        specifier: ^5.0.0
        version: 5.0.0(prettier@3.3.2)

packages:

  '@simenandre/prettier@5.0.0':
    resolution: {integrity: sha512-IsU3GTZcr8D5U9tzeP80rOntXqPZwA0B0gw448rJaK99st9I85CN4g2mEO0qFatdOsXSPmay+tWiYe3MVWb3IA==}
    peerDependencies:
      prettier: ^3.0.0

  prettier@3.3.2:
    resolution: {integrity: sha512-rAVeHYMcv8ATV5d508CFdn+8/pHPpXeIid1DdrPwXnaAdH7cqjVbpJaT5eq4yRAFU/lsbwYwSF/n5iNrdJHPQA==}
    engines: {node: '>=14'}
    hasBin: true

snapshots:

  '@simenandre/prettier@5.0.0(prettier@3.3.2)':
    dependencies:
      prettier: 3.3.2

  prettier@3.3.2: {}
